// !$*UTF8*$!
{
	archiveVersion = 1;
	classes = {
	};
	objectVersion = 56;
	objects = {

/* Begin PBXBuildFile section */
		4F0A4D9F2BF38B7A004048E8 /* Logger.swift in Sources */ = {isa = PBXBuildFile; fileRef = 4F0A4D9E2BF38B7A004048E8 /* Logger.swift */; };
		4F5EF5542E41F09C00B24AFE /* CustomCardView.swift in Sources */ = {isa = PBXBuildFile; fileRef = 4F5EF5532E41F09C00B24AFE /* CustomCardView.swift */; };
		4F5EF5562E41F13C00B24AFE /* Card.swift in Sources */ = {isa = PBXBuildFile; fileRef = 4F5EF5552E41F13C00B24AFE /* Card.swift */; };
		4F5EF5582E41F8F200B24AFE /* FlipCard.swift in Sources */ = {isa = PBXBuildFile; fileRef = 4F5EF5572E41F8F200B24AFE /* FlipCard.swift */; };
		4F7C88A62BF63C8B00D5F25A /* GoogleService-Info.plist in Resources */ = {isa = PBXBuildFile; fileRef = 4F7C88A52BF63C8B00D5F25A /* GoogleService-Info.plist */; };
		4F7C88AB2BF63D3100D5F25A /* FirebaseAnalytics in Frameworks */ = {isa = PBXBuildFile; productRef = 4F7C88AA2BF63D3100D5F25A /* FirebaseAnalytics */; };
		4F7C88AD2BF63D3B00D5F25A /* FirebaseMessaging in Frameworks */ = {isa = PBXBuildFile; productRef = 4F7C88AC2BF63D3B00D5F25A /* FirebaseMessaging */; };
		4FD15DD42C2AEA7E006B9537 /* Lottie in Frameworks */ = {isa = PBXBuildFile; productRef = 4FD15DD32C2AEA7E006B9537 /* Lottie */; };
		4FD15DD62C2AEA97006B9537 /* LottieAnimationView.swift in Sources */ = {isa = PBXBuildFile; fileRef = 4FD15DD52C2AEA97006B9537 /* LottieAnimationView.swift */; };
		4FD15DDB2C2AED5D006B9537 /* RoundedCheckmark.json in Resources */ = {isa = PBXBuildFile; fileRef = 4FD15DDA2C2AED5D006B9537 /* RoundedCheckmark.json */; };
		4FE2952C2BEA51380064BE7E /* SomethingUsefulSwiftUIApp.swift in Sources */ = {isa = PBXBuildFile; fileRef = 4FE2952B2BEA51380064BE7E /* SomethingUsefulSwiftUIApp.swift */; };
		4FE2952E2BEA51380064BE7E /* ContentView.swift in Sources */ = {isa = PBXBuildFile; fileRef = 4FE2952D2BEA51380064BE7E /* ContentView.swift */; };
		4FE295302BEA51390064BE7E /* Assets.xcassets in Resources */ = {isa = PBXBuildFile; fileRef = 4FE2952F2BEA51390064BE7E /* Assets.xcassets */; };
		4FE295332BEA51390064BE7E /* Preview Assets.xcassets in Resources */ = {isa = PBXBuildFile; fileRef = 4FE295322BEA51390064BE7E /* Preview Assets.xcassets */; };
		4FE2955A2BEA553F0064BE7E /* ViewDojo.swift in Sources */ = {isa = PBXBuildFile; fileRef = 4FE295592BEA553F0064BE7E /* ViewDojo.swift */; };
		4FE2955C2BEA57B40064BE7E /* CustomDropdownView.swift in Sources */ = {isa = PBXBuildFile; fileRef = 4FE2955B2BEA57B40064BE7E /* CustomDropdownView.swift */; };
		4FE2955F2BEA5D3E0064BE7E /* CustomizableDropdown.swift in Sources */ = {isa = PBXBuildFile; fileRef = 4FE2955E2BEA5D3E0064BE7E /* CustomizableDropdown.swift */; };
/* End PBXBuildFile section */

/* Begin PBXFileReference section */
		4F0A4D9E2BF38B7A004048E8 /* Logger.swift */ = {isa = PBXFileReference; lastKnownFileType = sourcecode.swift; path = Logger.swift; sourceTree = "<group>"; };
		4F5EF5532E41F09C00B24AFE /* CustomCardView.swift */ = {isa = PBXFileReference; lastKnownFileType = sourcecode.swift; path = CustomCardView.swift; sourceTree = "<group>"; };
		4F5EF5552E41F13C00B24AFE /* Card.swift */ = {isa = PBXFileReference; lastKnownFileType = sourcecode.swift; path = Card.swift; sourceTree = "<group>"; };
		4F5EF5572E41F8F200B24AFE /* FlipCard.swift */ = {isa = PBXFileReference; lastKnownFileType = sourcecode.swift; path = FlipCard.swift; sourceTree = "<group>"; };
		4F7C88A52BF63C8B00D5F25A /* GoogleService-Info.plist */ = {isa = PBXFileReference; fileEncoding = 4; lastKnownFileType = text.plist.xml; path = "GoogleService-Info.plist"; sourceTree = "<group>"; };
		4F7C88A72BF63CB300D5F25A /* SomethingUsefulSwiftUI.entitlements */ = {isa = PBXFileReference; lastKnownFileType = text.plist.entitlements; path = SomethingUsefulSwiftUI.entitlements; sourceTree = "<group>"; };
		4F7C88A82BF63CBA00D5F25A /* Info.plist */ = {isa = PBXFileReference; lastKnownFileType = text.plist; path = Info.plist; sourceTree = "<group>"; };
		4FD15DD52C2AEA97006B9537 /* LottieAnimationView.swift */ = {isa = PBXFileReference; lastKnownFileType = sourcecode.swift; path = LottieAnimationView.swift; sourceTree = "<group>"; };
		4FD15DDA2C2AED5D006B9537 /* RoundedCheckmark.json */ = {isa = PBXFileReference; fileEncoding = 4; lastKnownFileType = text.json; path = RoundedCheckmark.json; sourceTree = "<group>"; };
		4FE295282BEA51380064BE7E /* SomethingUsefulSwiftUI.app */ = {isa = PBXFileReference; explicitFileType = wrapper.application; includeInIndex = 0; path = SomethingUsefulSwiftUI.app; sourceTree = BUILT_PRODUCTS_DIR; };
		4FE2952B2BEA51380064BE7E /* SomethingUsefulSwiftUIApp.swift */ = {isa = PBXFileReference; lastKnownFileType = sourcecode.swift; path = SomethingUsefulSwiftUIApp.swift; sourceTree = "<group>"; };
		4FE2952D2BEA51380064BE7E /* ContentView.swift */ = {isa = PBXFileReference; lastKnownFileType = sourcecode.swift; path = ContentView.swift; sourceTree = "<group>"; };
		4FE2952F2BEA51390064BE7E /* Assets.xcassets */ = {isa = PBXFileReference; lastKnownFileType = folder.assetcatalog; path = Assets.xcassets; sourceTree = "<group>"; };
		4FE295322BEA51390064BE7E /* Preview Assets.xcassets */ = {isa = PBXFileReference; lastKnownFileType = folder.assetcatalog; path = "Preview Assets.xcassets"; sourceTree = "<group>"; };
		4FE295592BEA553F0064BE7E /* ViewDojo.swift */ = {isa = PBXFileReference; lastKnownFileType = sourcecode.swift; path = ViewDojo.swift; sourceTree = "<group>"; };
		4FE2955B2BEA57B40064BE7E /* CustomDropdownView.swift */ = {isa = PBXFileReference; lastKnownFileType = sourcecode.swift; path = CustomDropdownView.swift; sourceTree = "<group>"; };
		4FE2955E2BEA5D3E0064BE7E /* CustomizableDropdown.swift */ = {isa = PBXFileReference; lastKnownFileType = sourcecode.swift; path = CustomizableDropdown.swift; sourceTree = "<group>"; };
/* End PBXFileReference section */

/* Begin PBXFrameworksBuildPhase section */
		4FE295252BEA51380064BE7E /* Frameworks */ = {
			isa = PBXFrameworksBuildPhase;
			buildActionMask = 2147483647;
			files = (
				4F7C88AD2BF63D3B00D5F25A /* FirebaseMessaging in Frameworks */,
				4F7C88AB2BF63D3100D5F25A /* FirebaseAnalytics in Frameworks */,
				4FD15DD42C2AEA7E006B9537 /* Lottie in Frameworks */,
			);
			runOnlyForDeploymentPostprocessing = 0;
		};
/* End PBXFrameworksBuildPhase section */

/* Begin PBXGroup section */
		4F6278E52BF4964000588ECE /* Utility */ = {
			isa = PBXGroup;
			children = (
				4F0A4D9E2BF38B7A004048E8 /* Logger.swift */,
			);
			path = Utility;
			sourceTree = "<group>";
		};
		4F6278E62BF4966200588ECE /* Models */ = {
			isa = PBXGroup;
			children = (
				4FE295592BEA553F0064BE7E /* ViewDojo.swift */,
			);
			path = Models;
			sourceTree = "<group>";
		};
		4F7C88A92BF63D3100D5F25A /* Frameworks */ = {
			isa = PBXGroup;
			children = (
			);
			name = Frameworks;
			sourceTree = "<group>";
		};
		4FD15DD92C2AED34006B9537 /* Lottie */ = {
			isa = PBXGroup;
			children = (
				4FD15DDA2C2AED5D006B9537 /* RoundedCheckmark.json */,
			);
			path = Lottie;
			sourceTree = "<group>";
		};
		4FE2951F2BEA51380064BE7E = {
			isa = PBXGroup;
			children = (
				4FE2952A2BEA51380064BE7E /* SomethingUsefulSwiftUI */,
				4FE295292BEA51380064BE7E /* Products */,
				4F7C88A92BF63D3100D5F25A /* Frameworks */,
			);
			sourceTree = "<group>";
		};
		4FE295292BEA51380064BE7E /* Products */ = {
			isa = PBXGroup;
			children = (
				4FE295282BEA51380064BE7E /* SomethingUsefulSwiftUI.app */,
			);
			name = Products;
			sourceTree = "<group>";
		};
		4FE2952A2BEA51380064BE7E /* SomethingUsefulSwiftUI */ = {
			isa = PBXGroup;
			children = (
				4F7C88A82BF63CBA00D5F25A /* Info.plist */,
				4F7C88A72BF63CB300D5F25A /* SomethingUsefulSwiftUI.entitlements */,
				4F7C88A52BF63C8B00D5F25A /* GoogleService-Info.plist */,
				4FE2952B2BEA51380064BE7E /* SomethingUsefulSwiftUIApp.swift */,
				4FE2952D2BEA51380064BE7E /* ContentView.swift */,
				4F6278E62BF4966200588ECE /* Models */,
				4FE295602BEA5D4C0064BE7E /* Views */,
				4FE2955D2BEA57B80064BE7E /* Components */,
				4F6278E52BF4964000588ECE /* Utility */,
				4FE2952F2BEA51390064BE7E /* Assets.xcassets */,
				4FD15DD92C2AED34006B9537 /* Lottie */,
				4FE295312BEA51390064BE7E /* Preview Content */,
			);
			path = SomethingUsefulSwiftUI;
			sourceTree = "<group>";
		};
		4FE295312BEA51390064BE7E /* Preview Content */ = {
			isa = PBXGroup;
			children = (
				4FE295322BEA51390064BE7E /* Preview Assets.xcassets */,
			);
			path = "Preview Content";
			sourceTree = "<group>";
		};
		4FE2955D2BEA57B80064BE7E /* Components */ = {
			isa = PBXGroup;
			children = (
				4FE2955E2BEA5D3E0064BE7E /* CustomizableDropdown.swift */,
				4F5EF5552E41F13C00B24AFE /* Card.swift */,
				4F5EF5572E41F8F200B24AFE /* FlipCard.swift */,
			);
			path = Components;
			sourceTree = "<group>";
		};
		4FE295602BEA5D4C0064BE7E /* Views */ = {
			isa = PBXGroup;
			children = (
				4FE2955B2BEA57B40064BE7E /* CustomDropdownView.swift */,
				4F5EF5532E41F09C00B24AFE /* CustomCardView.swift */,
				4FD15DD52C2AEA97006B9537 /* LottieAnimationView.swift */,
			);
			path = Views;
			sourceTree = "<group>";
		};
/* End PBXGroup section */

/* Begin PBXNativeTarget section */
		4FE295272BEA51380064BE7E /* SomethingUsefulSwiftUI */ = {
			isa = PBXNativeTarget;
			buildConfigurationList = 4FE295362BEA51390064BE7E /* Build configuration list for PBXNativeTarget "SomethingUsefulSwiftUI" */;
			buildPhases = (
				4FE295242BEA51380064BE7E /* Sources */,
				4FE295252BEA51380064BE7E /* Frameworks */,
				4FE295262BEA51380064BE7E /* Resources */,
			);
			buildRules = (
			);
			dependencies = (
			);
			name = SomethingUsefulSwiftUI;
			packageProductDependencies = (
				4F7C88AA2BF63D3100D5F25A /* FirebaseAnalytics */,
				4F7C88AC2BF63D3B00D5F25A /* FirebaseMessaging */,
				4FD15DD32C2AEA7E006B9537 /* Lottie */,
			);
			productName = SomethingUsefulSwiftUI;
			productReference = 4FE295282BEA51380064BE7E /* SomethingUsefulSwiftUI.app */;
			productType = "com.apple.product-type.application";
		};
/* End PBXNativeTarget section */

/* Begin PBXProject section */
		4FE295202BEA51380064BE7E /* Project object */ = {
			isa = PBXProject;
			attributes = {
				BuildIndependentTargetsInParallel = 1;
				LastSwiftUpdateCheck = 1530;
				LastUpgradeCheck = 1530;
				TargetAttributes = {
					4FE295272BEA51380064BE7E = {
						CreatedOnToolsVersion = 15.3;
					};
				};
			};
			buildConfigurationList = 4FE295232BEA51380064BE7E /* Build configuration list for PBXProject "SomethingUsefulSwiftUI" */;
			compatibilityVersion = "Xcode 14.0";
			developmentRegion = en;
			hasScannedForEncodings = 0;
			knownRegions = (
				en,
				Base,
			);
			mainGroup = 4FE2951F2BEA51380064BE7E;
			packageReferences = (
				4F7C88A42BF63C7200D5F25A /* XCRemoteSwiftPackageReference "firebase-ios-sdk" */,
				4FD15DD22C2AEA7E006B9537 /* XCRemoteSwiftPackageReference "lottie-ios" */,
			);
			productRefGroup = 4FE295292BEA51380064BE7E /* Products */;
			projectDirPath = "";
			projectRoot = "";
			targets = (
				4FE295272BEA51380064BE7E /* SomethingUsefulSwiftUI */,
			);
		};
/* End PBXProject section */

/* Begin PBXResourcesBuildPhase section */
		4FE295262BEA51380064BE7E /* Resources */ = {
			isa = PBXResourcesBuildPhase;
			buildActionMask = 2147483647;
			files = (
				4FE295332BEA51390064BE7E /* Preview Assets.xcassets in Resources */,
				4FE295302BEA51390064BE7E /* Assets.xcassets in Resources */,
				4F7C88A62BF63C8B00D5F25A /* GoogleService-Info.plist in Resources */,
				4FD15DDB2C2AED5D006B9537 /* RoundedCheckmark.json in Resources */,
			);
			runOnlyForDeploymentPostprocessing = 0;
		};
/* End PBXResourcesBuildPhase section */

/* Begin PBXSourcesBuildPhase section */
		4FE295242BEA51380064BE7E /* Sources */ = {
			isa = PBXSourcesBuildPhase;
			buildActionMask = 2147483647;
			files = (
				4FE2955A2BEA553F0064BE7E /* ViewDojo.swift in Sources */,
				4F5EF5562E41F13C00B24AFE /* Card.swift in Sources */,
				4F0A4D9F2BF38B7A004048E8 /* Logger.swift in Sources */,
				4FD15DD62C2AEA97006B9537 /* LottieAnimationView.swift in Sources */,
				4FE2952E2BEA51380064BE7E /* ContentView.swift in Sources */,
				4FE2955C2BEA57B40064BE7E /* CustomDropdownView.swift in Sources */,
				4F5EF5582E41F8F200B24AFE /* FlipCard.swift in Sources */,
				4FE2952C2BEA51380064BE7E /* SomethingUsefulSwiftUIApp.swift in Sources */,
				4FE2955F2BEA5D3E0064BE7E /* CustomizableDropdown.swift in Sources */,
				4F5EF5542E41F09C00B24AFE /* CustomCardView.swift in Sources */,
			);
			runOnlyForDeploymentPostprocessing = 0;
		};
/* End PBXSourcesBuildPhase section */

/* Begin XCBuildConfiguration section */
		4FE295342BEA51390064BE7E /* Debug */ = {
			isa = XCBuildConfiguration;
			buildSettings = {
				ALWAYS_SEARCH_USER_PATHS = NO;
				ASSETCATALOG_COMPILER_GENERATE_SWIFT_ASSET_SYMBOL_EXTENSIONS = YES;
				CLANG_ANALYZER_NONNULL = YES;
				CLANG_ANALYZER_NUMBER_OBJECT_CONVERSION = YES_AGGRESSIVE;
				CLANG_CXX_LANGUAGE_STANDARD = "gnu++20";
				CLANG_ENABLE_MODULES = YES;
				CLANG_ENABLE_OBJC_ARC = YES;
				CLANG_ENABLE_OBJC_WEAK = YES;
				CLANG_WARN_BLOCK_CAPTURE_AUTORELEASING = YES;
				CLANG_WARN_BOOL_CONVERSION = YES;
				CLANG_WARN_COMMA = YES;
				CLANG_WARN_CONSTANT_CONVERSION = YES;
				CLANG_WARN_DEPRECATED_OBJC_IMPLEMENTATIONS = YES;
				CLANG_WARN_DIRECT_OBJC_ISA_USAGE = YES_ERROR;
				CLANG_WARN_DOCUMENTATION_COMMENTS = YES;
				CLANG_WARN_EMPTY_BODY = YES;
				CLANG_WARN_ENUM_CONVERSION = YES;
				CLANG_WARN_INFINITE_RECURSION = YES;
				CLANG_WARN_INT_CONVERSION = YES;
				CLANG_WARN_NON_LITERAL_NULL_CONVERSION = YES;
				CLANG_WARN_OBJC_IMPLICIT_RETAIN_SELF = YES;
				CLANG_WARN_OBJC_LITERAL_CONVERSION = YES;
				CLANG_WARN_OBJC_ROOT_CLASS = YES_ERROR;
				CLANG_WARN_QUOTED_INCLUDE_IN_FRAMEWORK_HEADER = YES;
				CLANG_WARN_RANGE_LOOP_ANALYSIS = YES;
				CLANG_WARN_STRICT_PROTOTYPES = YES;
				CLANG_WARN_SUSPICIOUS_MOVE = YES;
				CLANG_WARN_UNGUARDED_AVAILABILITY = YES_AGGRESSIVE;
				CLANG_WARN_UNREACHABLE_CODE = YES;
				CLANG_WARN__DUPLICATE_METHOD_MATCH = YES;
				COPY_PHASE_STRIP = NO;
				DEBUG_INFORMATION_FORMAT = dwarf;
				ENABLE_STRICT_OBJC_MSGSEND = YES;
				ENABLE_TESTABILITY = YES;
				ENABLE_USER_SCRIPT_SANDBOXING = YES;
				GCC_C_LANGUAGE_STANDARD = gnu17;
				GCC_DYNAMIC_NO_PIC = NO;
				GCC_NO_COMMON_BLOCKS = YES;
				GCC_OPTIMIZATION_LEVEL = 0;
				GCC_PREPROCESSOR_DEFINITIONS = (
					"DEBUG=1",
					"$(inherited)",
				);
				GCC_WARN_64_TO_32_BIT_CONVERSION = YES;
				GCC_WARN_ABOUT_RETURN_TYPE = YES_ERROR;
				GCC_WARN_UNDECLARED_SELECTOR = YES;
				GCC_WARN_UNINITIALIZED_AUTOS = YES_AGGRESSIVE;
				GCC_WARN_UNUSED_FUNCTION = YES;
				GCC_WARN_UNUSED_VARIABLE = YES;
				IPHONEOS_DEPLOYMENT_TARGET = 17.4;
				LOCALIZATION_PREFERS_STRING_CATALOGS = YES;
				MTL_ENABLE_DEBUG_INFO = INCLUDE_SOURCE;
				MTL_FAST_MATH = YES;
				ONLY_ACTIVE_ARCH = YES;
				SDKROOT = iphoneos;
				SWIFT_ACTIVE_COMPILATION_CONDITIONS = "DEBUG $(inherited)";
				SWIFT_OPTIMIZATION_LEVEL = "-Onone";
			};
			name = Debug;
		};
		4FE295352BEA51390064BE7E /* Release */ = {
			isa = XCBuildConfiguration;
			buildSettings = {
				ALWAYS_SEARCH_USER_PATHS = NO;
				ASSETCATALOG_COMPILER_GENERATE_SWIFT_ASSET_SYMBOL_EXTENSIONS = YES;
				CLANG_ANALYZER_NONNULL = YES;
				CLANG_ANALYZER_NUMBER_OBJECT_CONVERSION = YES_AGGRESSIVE;
				CLANG_CXX_LANGUAGE_STANDARD = "gnu++20";
				CLANG_ENABLE_MODULES = YES;
				CLANG_ENABLE_OBJC_ARC = YES;
				CLANG_ENABLE_OBJC_WEAK = YES;
				CLANG_WARN_BLOCK_CAPTURE_AUTORELEASING = YES;
				CLANG_WARN_BOOL_CONVERSION = YES;
				CLANG_WARN_COMMA = YES;
				CLANG_WARN_CONSTANT_CONVERSION = YES;
				CLANG_WARN_DEPRECATED_OBJC_IMPLEMENTATIONS = YES;
				CLANG_WARN_DIRECT_OBJC_ISA_USAGE = YES_ERROR;
				CLANG_WARN_DOCUMENTATION_COMMENTS = YES;
				CLANG_WARN_EMPTY_BODY = YES;
				CLANG_WARN_ENUM_CONVERSION = YES;
				CLANG_WARN_INFINITE_RECURSION = YES;
				CLANG_WARN_INT_CONVERSION = YES;
				CLANG_WARN_NON_LITERAL_NULL_CONVERSION = YES;
				CLANG_WARN_OBJC_IMPLICIT_RETAIN_SELF = YES;
				CLANG_WARN_OBJC_LITERAL_CONVERSION = YES;
				CLANG_WARN_OBJC_ROOT_CLASS = YES_ERROR;
				CLANG_WARN_QUOTED_INCLUDE_IN_FRAMEWORK_HEADER = YES;
				CLANG_WARN_RANGE_LOOP_ANALYSIS = YES;
				CLANG_WARN_STRICT_PROTOTYPES = YES;
				CLANG_WARN_SUSPICIOUS_MOVE = YES;
				CLANG_WARN_UNGUARDED_AVAILABILITY = YES_AGGRESSIVE;
				CLANG_WARN_UNREACHABLE_CODE = YES;
				CLANG_WARN__DUPLICATE_METHOD_MATCH = YES;
				COPY_PHASE_STRIP = NO;
				DEBUG_INFORMATION_FORMAT = "dwarf-with-dsym";
				ENABLE_NS_ASSERTIONS = NO;
				ENABLE_STRICT_OBJC_MSGSEND = YES;
				ENABLE_USER_SCRIPT_SANDBOXING = YES;
				GCC_C_LANGUAGE_STANDARD = gnu17;
				GCC_NO_COMMON_BLOCKS = YES;
				GCC_WARN_64_TO_32_BIT_CONVERSION = YES;
				GCC_WARN_ABOUT_RETURN_TYPE = YES_ERROR;
				GCC_WARN_UNDECLARED_SELECTOR = YES;
				GCC_WARN_UNINITIALIZED_AUTOS = YES_AGGRESSIVE;
				GCC_WARN_UNUSED_FUNCTION = YES;
				GCC_WARN_UNUSED_VARIABLE = YES;
				IPHONEOS_DEPLOYMENT_TARGET = 17.4;
				LOCALIZATION_PREFERS_STRING_CATALOGS = YES;
				MTL_ENABLE_DEBUG_INFO = NO;
				MTL_FAST_MATH = YES;
				SDKROOT = iphoneos;
				SWIFT_COMPILATION_MODE = wholemodule;
				VALIDATE_PRODUCT = YES;
			};
			name = Release;
		};
		4FE295372BEA51390064BE7E /* Debug */ = {
			isa = XCBuildConfiguration;
			buildSettings = {
				ASSETCATALOG_COMPILER_APPICON_NAME = AppIcon;
				ASSETCATALOG_COMPILER_GLOBAL_ACCENT_COLOR_NAME = AccentColor;
				CODE_SIGN_ENTITLEMENTS = SomethingUsefulSwiftUI/SomethingUsefulSwiftUI.entitlements;
				CODE_SIGN_STYLE = Automatic;
				CURRENT_PROJECT_VERSION = 1;
				DEVELOPMENT_ASSET_PATHS = "\"SomethingUsefulSwiftUI/Preview Content\"";
				DEVELOPMENT_TEAM = H5UNW2D34P;
				ENABLE_PREVIEWS = YES;
				GENERATE_INFOPLIST_FILE = YES;
				INFOPLIST_FILE = SomethingUsefulSwiftUI/Info.plist;
				INFOPLIST_KEY_UIApplicationSceneManifest_Generation = YES;
				INFOPLIST_KEY_UIApplicationSupportsIndirectInputEvents = YES;
				INFOPLIST_KEY_UILaunchScreen_Generation = YES;
				INFOPLIST_KEY_UISupportedInterfaceOrientations_iPad = "UIInterfaceOrientationPortrait UIInterfaceOrientationPortraitUpsideDown UIInterfaceOrientationLandscapeLeft UIInterfaceOrientationLandscapeRight";
				INFOPLIST_KEY_UISupportedInterfaceOrientations_iPhone = "UIInterfaceOrientationPortrait UIInterfaceOrientationLandscapeLeft UIInterfaceOrientationLandscapeRight";
				IPHONEOS_DEPLOYMENT_TARGET = 17.0;
				LD_RUNPATH_SEARCH_PATHS = (
					"$(inherited)",
					"@executable_path/Frameworks",
				);
				MARKETING_VERSION = 1.0;
				PRODUCT_BUNDLE_IDENTIFIER = com.oldstar.likelytouse;
				PRODUCT_NAME = "$(TARGET_NAME)";
				SUPPORTED_PLATFORMS = "iphoneos iphonesimulator";
				SUPPORTS_MACCATALYST = NO;
				SUPPORTS_MAC_DESIGNED_FOR_IPHONE_IPAD = YES;
				SUPPORTS_XR_DESIGNED_FOR_IPHONE_IPAD = YES;
				SWIFT_EMIT_LOC_STRINGS = YES;
				SWIFT_VERSION = 5.0;
				TARGETED_DEVICE_FAMILY = "1,2";
			};
			name = Debug;
		};
		4FE295382BEA51390064BE7E /* Release */ = {
			isa = XCBuildConfiguration;
			buildSettings = {
				ASSETCATALOG_COMPILER_APPICON_NAME = AppIcon;
				ASSETCATALOG_COMPILER_GLOBAL_ACCENT_COLOR_NAME = AccentColor;
				CODE_SIGN_ENTITLEMENTS = SomethingUsefulSwiftUI/SomethingUsefulSwiftUI.entitlements;
				CODE_SIGN_STYLE = Automatic;
				CURRENT_PROJECT_VERSION = 1;
				DEVELOPMENT_ASSET_PATHS = "\"SomethingUsefulSwiftUI/Preview Content\"";
				DEVELOPMENT_TEAM = H5UNW2D34P;
				ENABLE_PREVIEWS = YES;
				GENERATE_INFOPLIST_FILE = YES;
				INFOPLIST_FILE = SomethingUsefulSwiftUI/Info.plist;
				INFOPLIST_KEY_UIApplicationSceneManifest_Generation = YES;
				INFOPLIST_KEY_UIApplicationSupportsIndirectInputEvents = YES;
				INFOPLIST_KEY_UILaunchScreen_Generation = YES;
				INFOPLIST_KEY_UISupportedInterfaceOrientations_iPad = "UIInterfaceOrientationPortrait UIInterfaceOrientationPortraitUpsideDown UIInterfaceOrientationLandscapeLeft UIInterfaceOrientationLandscapeRight";
				INFOPLIST_KEY_UISupportedInterfaceOrientations_iPhone = "UIInterfaceOrientationPortrait UIInterfaceOrientationLandscapeLeft UIInterfaceOrientationLandscapeRight";
				IPHONEOS_DEPLOYMENT_TARGET = 17.0;
				LD_RUNPATH_SEARCH_PATHS = (
					"$(inherited)",
					"@executable_path/Frameworks",
				);
				MARKETING_VERSION = 1.0;
				PRODUCT_BUNDLE_IDENTIFIER = com.oldstar.likelytouse;
				PRODUCT_NAME = "$(TARGET_NAME)";
				SUPPORTED_PLATFORMS = "iphoneos iphonesimulator";
				SUPPORTS_MACCATALYST = NO;
				SUPPORTS_MAC_DESIGNED_FOR_IPHONE_IPAD = YES;
				SUPPORTS_XR_DESIGNED_FOR_IPHONE_IPAD = YES;
				SWIFT_EMIT_LOC_STRINGS = YES;
				SWIFT_VERSION = 5.0;
				TARGETED_DEVICE_FAMILY = "1,2";
			};
			name = Release;
		};
/* End XCBuildConfiguration section */

/* Begin XCConfigurationList section */
		4FE295232BEA51380064BE7E /* Build configuration list for PBXProject "SomethingUsefulSwiftUI" */ = {
			isa = XCConfigurationList;
			buildConfigurations = (
				4FE295342BEA51390064BE7E /* Debug */,
				4FE295352BEA51390064BE7E /* Release */,
			);
			defaultConfigurationIsVisible = 0;
			defaultConfigurationName = Release;
		};
		4FE295362BEA51390064BE7E /* Build configuration list for PBXNativeTarget "SomethingUsefulSwiftUI" */ = {
			isa = XCConfigurationList;
			buildConfigurations = (
				4FE295372BEA51390064BE7E /* Debug */,
				4FE295382BEA51390064BE7E /* Release */,
			);
			defaultConfigurationIsVisible = 0;
			defaultConfigurationName = Release;
		};
/* End XCConfigurationList section */

/* Begin XCRemoteSwiftPackageReference section */
		4F7C88A42BF63C7200D5F25A /* XCRemoteSwiftPackageReference "firebase-ios-sdk" */ = {
			isa = XCRemoteSwiftPackageReference;
			repositoryURL = "https://github.com/firebase/firebase-ios-sdk";
			requirement = {
				kind = upToNextMajorVersion;
				minimumVersion = 10.26.0;
			};
		};
		4FD15DD22C2AEA7E006B9537 /* XCRemoteSwiftPackageReference "lottie-ios" */ = {
			isa = XCRemoteSwiftPackageReference;
			repositoryURL = "https://github.com/airbnb/lottie-ios";
			requirement = {
				kind = upToNextMajorVersion;
				minimumVersion = 4.4.3;
			};
		};
/* End XCRemoteSwiftPackageReference section */

/* Begin XCSwiftPackageProductDependency section */
		4F7C88AA2BF63D3100D5F25A /* FirebaseAnalytics */ = {
			isa = XCSwiftPackageProductDependency;
			package = 4F7C88A42BF63C7200D5F25A /* XCRemoteSwiftPackageReference "firebase-ios-sdk" */;
			productName = FirebaseAnalytics;
		};
		4F7C88AC2BF63D3B00D5F25A /* FirebaseMessaging */ = {
			isa = XCSwiftPackageProductDependency;
			package = 4F7C88A42BF63C7200D5F25A /* XCRemoteSwiftPackageReference "firebase-ios-sdk" */;
			productName = FirebaseMessaging;
		};
		4FD15DD32C2AEA7E006B9537 /* Lottie */ = {
			isa = XCSwiftPackageProductDependency;
			package = 4FD15DD22C2AEA7E006B9537 /* XCRemoteSwiftPackageReference "lottie-ios" */;
			productName = Lottie;
		};
/* End XCSwiftPackageProductDependency section */
	};
	rootObject = 4FE295202BEA51380064BE7E /* Project object */;
}
